{
  "requires": true,
  "lockfileVersion": 1,
  "dependencies": {
    "as-table": {
      "version": "1.0.55",
      "resolved": "https://registry.npmjs.org/as-table/-/as-table-1.0.55.tgz",
      "integrity": "sha512-xvsWESUJn0JN421Xb9MQw6AsMHRCUknCe0Wjlxvjud80mU4E6hQf1A6NzQKcYNmYw62MfzEtXc+badstZP3JpQ==",
      "requires": {
        "printable-characters": "^1.0.42"
      }
    },
    "data-uri-to-buffer": {
      "version": "2.0.2",
      "resolved": "https://registry.npmjs.org/data-uri-to-buffer/-/data-uri-to-buffer-2.0.2.tgz",
      "integrity": "sha512-ND9qDTLc6diwj+Xe5cdAgVTbLVdXbtxTJRXRhli8Mowuaan+0EJOtdqJ0QCHNSSPyoXGx9HX2/VMnKeC34AChA=="
    },
    "get-source": {
      "version": "2.0.11",
      "resolved": "https://registry.npmjs.org/get-source/-/get-source-2.0.11.tgz",
      "integrity": "sha512-3ep0eeCGsW2jTd1IByqtszqGq6xHDeoN8T7HgYJfcAMOxvjKpR6er1tWzHMwjyiqChC84Ov31pkMMJZiQ97rFg==",
      "requires": {
        "data-uri-to-buffer": "^2.0.0",
        "source-map": "^0.6.1"
      }
    },
    "printable-characters": {
      "version": "1.0.42",
      "resolved": "https://registry.npmjs.org/printable-characters/-/printable-characters-1.0.42.tgz",
      "integrity": "sha1-Pxjpd6m9jrN/zE/1ZZ176Qhos9g="
    },
    "source-map": {
      "version": "0.6.1",
      "resolved": "https://registry.npmjs.org/source-map/-/source-map-0.6.1.tgz",
      "integrity": "sha512-UjgapumWlbMhkBgzT7Ykc5YXUT46F0iKu8SGXq0bcwP5dz/h0Plj6enJqjz1Zbq2l5WaqYnrVbwWOWMyF3F47g=="
    },
    "stacktracey": {
      "version": "2.0.15",
      "resolved": "https://registry.npmjs.org/stacktracey/-/stacktracey-2.0.15.tgz",
      "integrity": "sha512-u1rMIcAEg+6yGNV230yfwEHGRlrqrRmreMR3GM3TVI1wGxR2PirI3FiltVjFurEtX/S44aGo5l9uRk6dVHHJuA==",
      "requires": {
        "as-table": "^1.0.36",
        "get-source": "^2.0.11"
      }
    }
  }
}
